
Microsoft Visual Studio Solution File, Format Version 12.00
# Visual Studio Version 16
VisualStudioVersion = 16.0.29503.13
MinimumVisualStudioVersion = 10.0.40219.1
Project("{A07B5EB6-E848-4116-A8D0-A826331D98C6}") = "ServiceFabric", "ServiceFabric\ServiceFabric.sfproj", "{36B84E01-1EF5-4589-ABA3-B7D01C87D523}"
EndProject
Project("{FAE04EC0-301F-11D3-BF4B-00C04F79EFBC}") = "Api", "Api\Api.csproj", "{98C86EE2-19CD-4FAA-8308-8002E9577F31}"
EndProject
Global
	GlobalSection(SolutionConfigurationPlatforms) = preSolution
		Debug|Any CPU = Debug|Any CPU
		Debug|x64 = Debug|x64
		Release|Any CPU = Release|Any CPU
		Release|x64 = Release|x64
	EndGlobalSection
	GlobalSection(ProjectConfigurationPlatforms) = postSolution
		{36B84E01-1EF5-4589-ABA3-B7D01C87D523}.Debug|Any CPU.ActiveCfg = Debug|x64
		{36B84E01-1EF5-4589-ABA3-B7D01C87D523}.Debug|x64.ActiveCfg = Debug|x64
		{36B84E01-1EF5-4589-ABA3-B7D01C87D523}.Debug|x64.Build.0 = Debug|x64
		{36B84E01-1EF5-4589-ABA3-B7D01C87D523}.Debug|x64.Deploy.0 = Debug|x64
		{36B84E01-1EF5-4589-ABA3-B7D01C87D523}.Release|Any CPU.ActiveCfg = Release|x64
		{36B84E01-1EF5-4589-ABA3-B7D01C87D523}.Release|x64.ActiveCfg = Release|x64
		{36B84E01-1EF5-4589-ABA3-B7D01C87D523}.Release|x64.Build.0 = Release|x64
		{36B84E01-1EF5-4589-ABA3-B7D01C87D523}.Release|x64.Deploy.0 = Release|x64
		{98C86EE2-19CD-4FAA-8308-8002E9577F31}.Debug|Any CPU.ActiveCfg = Debug|Any CPU
		{98C86EE2-19CD-4FAA-8308-8002E9577F31}.Debug|Any CPU.Build.0 = Debug|Any CPU
		{98C86EE2-19CD-4FAA-8308-8002E9577F31}.Debug|x64.ActiveCfg = Debug|Any CPU
		{98C86EE2-19CD-4FAA-8308-8002E9577F31}.Debug|x64.Build.0 = Debug|Any CPU
		{98C86EE2-19CD-4FAA-8308-8002E9577F31}.Release|Any CPU.ActiveCfg = Release|Any CPU
		{98C86EE2-19CD-4FAA-8308-8002E9577F31}.Release|Any CPU.Build.0 = Release|Any CPU
		{98C86EE2-19CD-4FAA-8308-8002E9577F31}.Release|x64.ActiveCfg = Release|Any CPU
		{98C86EE2-19CD-4FAA-8308-8002E9577F31}.Release|x64.Build.0 = Release|Any CPU
	EndGlobalSection
	GlobalSection(SolutionProperties) = preSolution
		HideSolutionNode = FALSE
	EndGlobalSection
	GlobalSection(ExtensibilityGlobals) = postSolution
		SolutionGuid = {30CD01BB-40FA-4A92-9880-0AA1385CDDA1}
	EndGlobalSection
EndGlobal
